
Microsoft Visual Studio Solution File, Format Version 12.00
# Visual Studio Version 17
VisualStudioVersion = 17.5.002.0
MinimumVisualStudioVersion = 10.0.40219.1
Project("{9A19103F-16F7-4668-BE54-9A1E7A4F7556}") = "PrimitiveData", "PrimitiveData\PrimitiveData.csproj", "{D93B0A97-7DA7-4989-8A16-36797307717D}"
EndProject
Project("{FAE04EC0-301F-11D3-BF4B-00C04F79EFBC}") = "testing", "testing\testing.csproj", "{DE7BAFC0-4574-4FB7-B3A4-056E31AFE92B}"
EndProject
Global
	GlobalSection(SolutionConfigurationPlatforms) = preSolution
		Debug|Any CPU = Debug|Any CPU
		Release|Any CPU = Release|Any CPU
	EndGlobalSection
	GlobalSection(ProjectConfigurationPlatforms) = postSolution
		{D93B0A97-7DA7-4989-8A16-36797307717D}.Debug|Any CPU.ActiveCfg = Debug|Any CPU
		{D93B0A97-7DA7-4989-8A16-36797307717D}.Debug|Any CPU.Build.0 = Debug|Any CPU
		{D93B0A97-7DA7-4989-8A16-36797307717D}.Release|Any CPU.ActiveCfg = Release|Any CPU
		{D93B0A97-7DA7-4989-8A16-36797307717D}.Release|Any CPU.Build.0 = Release|Any CPU
		{DE7BAFC0-4574-4FB7-B3A4-056E31AFE92B}.Debug|Any CPU.ActiveCfg = Debug|Any CPU
		{DE7BAFC0-4574-4FB7-B3A4-056E31AFE92B}.Debug|Any CPU.Build.0 = Debug|Any CPU
		{DE7BAFC0-4574-4FB7-B3A4-056E31AFE92B}.Release|Any CPU.ActiveCfg = Release|Any CPU
		{DE7BAFC0-4574-4FB7-B3A4-056E31AFE92B}.Release|Any CPU.Build.0 = Release|Any CPU
	EndGlobalSection
	GlobalSection(SolutionProperties) = preSolution
		HideSolutionNode = FALSE
	EndGlobalSection
	GlobalSection(ExtensibilityGlobals) = postSolution
		SolutionGuid = {864D86DD-4A62-4C62-986B-16A02D7D313A}
	EndGlobalSection
EndGlobal
