
Microsoft Visual Studio Solution File, Format Version 12.00
# Visual Studio Version 17
VisualStudioVersion = 17.5.002.0
MinimumVisualStudioVersion = 10.0.40219.1
Project("{9A19103F-16F7-4668-BE54-9A1E7A4F7556}") = "PrimitiveData", "PrimitiveData\PrimitiveData.csproj", "{5298B051-536B-4619-8C6D-9C333F9E8634}"
EndProject
Project("{9A19103F-16F7-4668-BE54-9A1E7A4F7556}") = "Classes", "Classes\Classes.csproj", "{14F09386-9F16-4070-B496-2E3FC999A927}"
EndProject
Project("{9A19103F-16F7-4668-BE54-9A1E7A4F7556}") = "Arrays", "Arrays\Arrays.csproj", "{69FCDE6B-4BC8-4BD7-B637-2C2736C99FF9}"
EndProject
Project("{9A19103F-16F7-4668-BE54-9A1E7A4F7556}") = "Enums", "Enums\Enums.csproj", "{AFAF4D3E-1C89-45F8-B4E6-283D1EC01BBC}"
EndProject
Project("{9A19103F-16F7-4668-BE54-9A1E7A4F7556}") = "Loops", "Loops\Loops.csproj", "{77ED4EEC-A50A-426F-AD89-C04066F01F8D}"
EndProject
Project("{9A19103F-16F7-4668-BE54-9A1E7A4F7556}") = "Lists", "Lists\Lists.csproj", "{68969312-8FD8-448D-9029-DFCCD5183DF0}"
EndProject
Project("{9A19103F-16F7-4668-BE54-9A1E7A4F7556}") = "DateTime", "DateTime\DateTime.csproj", "{CF8EBAA9-1B70-4E0A-8394-4B54201F60DD}"
EndProject
Project("{9A19103F-16F7-4668-BE54-9A1E7A4F7556}") = "StringBuilder", "StringBuilder\StringBuilder.csproj", "{38CFE177-57D3-414D-9C2F-5DD31D953E2D}"
EndProject
Project("{9A19103F-16F7-4668-BE54-9A1E7A4F7556}") = "SystemIO", "SystemIO\SystemIO.csproj", "{1A68B54E-EE60-4CB2-8F2B-5C1F04D70CFF}"
EndProject
Project("{9A19103F-16F7-4668-BE54-9A1E7A4F7556}") = "Methods", "Methods\Methods.csproj", "{D9C852A4-17AE-4075-919F-487F1AB40FC9}"
EndProject
Project("{9A19103F-16F7-4668-BE54-9A1E7A4F7556}") = "AccessModifier", "AccessModifier\AccessModifier.csproj", "{020C894D-52FE-4358-8E32-22DDFC66B8D1}"
EndProject
Project("{9A19103F-16F7-4668-BE54-9A1E7A4F7556}") = "Indexers", "Indexers\Indexers.csproj", "{BFAFC559-22F9-43F7-93CB-6D8484CAA157}"
EndProject
Project("{9A19103F-16F7-4668-BE54-9A1E7A4F7556}") = "MethodOverriding", "MethodOverriding\MethodOverriding.csproj", "{A7832FC3-FA85-4007-839B-47D28CC223AC}"
EndProject
Project("{9A19103F-16F7-4668-BE54-9A1E7A4F7556}") = "Delegates", "Delegates\Delegates.csproj", "{3ACF0D5C-A02E-4138-AF2A-A53668A1F73D}"
EndProject
Project("{9A19103F-16F7-4668-BE54-9A1E7A4F7556}") = "LamdaExpressions", "LamdaExpressions\LamdaExpressions.csproj", "{D3190EA4-AA6B-47D0-B139-0BACB42FCA16}"
EndProject
Project("{FAE04EC0-301F-11D3-BF4B-00C04F79EFBC}") = "EventsAndDelegates", "EventsAndDelegates\EventsAndDelegates.csproj", "{A554C452-849F-4FF2-BC39-C8D72CCB2927}"
EndProject
Project("{FAE04EC0-301F-11D3-BF4B-00C04F79EFBC}") = "ExtentionMethods", "ExtentionMethods\ExtentionMethods.csproj", "{B2575E5D-BB7C-4207-9E94-7D6D34F2287E}"
EndProject
Project("{FAE04EC0-301F-11D3-BF4B-00C04F79EFBC}") = "Linq", "Linq\Linq.csproj", "{91DC7486-CBD3-4734-9952-CE1622D1135D}"
EndProject
Global
	GlobalSection(SolutionConfigurationPlatforms) = preSolution
		Debug|Any CPU = Debug|Any CPU
		Release|Any CPU = Release|Any CPU
	EndGlobalSection
	GlobalSection(ProjectConfigurationPlatforms) = postSolution
		{5298B051-536B-4619-8C6D-9C333F9E8634}.Debug|Any CPU.ActiveCfg = Debug|Any CPU
		{5298B051-536B-4619-8C6D-9C333F9E8634}.Debug|Any CPU.Build.0 = Debug|Any CPU
		{5298B051-536B-4619-8C6D-9C333F9E8634}.Release|Any CPU.ActiveCfg = Release|Any CPU
		{5298B051-536B-4619-8C6D-9C333F9E8634}.Release|Any CPU.Build.0 = Release|Any CPU
		{14F09386-9F16-4070-B496-2E3FC999A927}.Debug|Any CPU.ActiveCfg = Debug|Any CPU
		{14F09386-9F16-4070-B496-2E3FC999A927}.Debug|Any CPU.Build.0 = Debug|Any CPU
		{14F09386-9F16-4070-B496-2E3FC999A927}.Release|Any CPU.ActiveCfg = Release|Any CPU
		{14F09386-9F16-4070-B496-2E3FC999A927}.Release|Any CPU.Build.0 = Release|Any CPU
		{69FCDE6B-4BC8-4BD7-B637-2C2736C99FF9}.Debug|Any CPU.ActiveCfg = Debug|Any CPU
		{69FCDE6B-4BC8-4BD7-B637-2C2736C99FF9}.Debug|Any CPU.Build.0 = Debug|Any CPU
		{69FCDE6B-4BC8-4BD7-B637-2C2736C99FF9}.Release|Any CPU.ActiveCfg = Release|Any CPU
		{69FCDE6B-4BC8-4BD7-B637-2C2736C99FF9}.Release|Any CPU.Build.0 = Release|Any CPU
		{AFAF4D3E-1C89-45F8-B4E6-283D1EC01BBC}.Debug|Any CPU.ActiveCfg = Debug|Any CPU
		{AFAF4D3E-1C89-45F8-B4E6-283D1EC01BBC}.Debug|Any CPU.Build.0 = Debug|Any CPU
		{AFAF4D3E-1C89-45F8-B4E6-283D1EC01BBC}.Release|Any CPU.ActiveCfg = Release|Any CPU
		{AFAF4D3E-1C89-45F8-B4E6-283D1EC01BBC}.Release|Any CPU.Build.0 = Release|Any CPU
		{77ED4EEC-A50A-426F-AD89-C04066F01F8D}.Debug|Any CPU.ActiveCfg = Debug|Any CPU
		{77ED4EEC-A50A-426F-AD89-C04066F01F8D}.Debug|Any CPU.Build.0 = Debug|Any CPU
		{77ED4EEC-A50A-426F-AD89-C04066F01F8D}.Release|Any CPU.ActiveCfg = Release|Any CPU
		{77ED4EEC-A50A-426F-AD89-C04066F01F8D}.Release|Any CPU.Build.0 = Release|Any CPU
		{68969312-8FD8-448D-9029-DFCCD5183DF0}.Debug|Any CPU.ActiveCfg = Debug|Any CPU
		{68969312-8FD8-448D-9029-DFCCD5183DF0}.Debug|Any CPU.Build.0 = Debug|Any CPU
		{68969312-8FD8-448D-9029-DFCCD5183DF0}.Release|Any CPU.ActiveCfg = Release|Any CPU
		{68969312-8FD8-448D-9029-DFCCD5183DF0}.Release|Any CPU.Build.0 = Release|Any CPU
		{CF8EBAA9-1B70-4E0A-8394-4B54201F60DD}.Debug|Any CPU.ActiveCfg = Debug|Any CPU
		{CF8EBAA9-1B70-4E0A-8394-4B54201F60DD}.Debug|Any CPU.Build.0 = Debug|Any CPU
		{CF8EBAA9-1B70-4E0A-8394-4B54201F60DD}.Release|Any CPU.ActiveCfg = Release|Any CPU
		{CF8EBAA9-1B70-4E0A-8394-4B54201F60DD}.Release|Any CPU.Build.0 = Release|Any CPU
		{38CFE177-57D3-414D-9C2F-5DD31D953E2D}.Debug|Any CPU.ActiveCfg = Debug|Any CPU
		{38CFE177-57D3-414D-9C2F-5DD31D953E2D}.Debug|Any CPU.Build.0 = Debug|Any CPU
		{38CFE177-57D3-414D-9C2F-5DD31D953E2D}.Release|Any CPU.ActiveCfg = Release|Any CPU
		{38CFE177-57D3-414D-9C2F-5DD31D953E2D}.Release|Any CPU.Build.0 = Release|Any CPU
		{1A68B54E-EE60-4CB2-8F2B-5C1F04D70CFF}.Debug|Any CPU.ActiveCfg = Debug|Any CPU
		{1A68B54E-EE60-4CB2-8F2B-5C1F04D70CFF}.Debug|Any CPU.Build.0 = Debug|Any CPU
		{1A68B54E-EE60-4CB2-8F2B-5C1F04D70CFF}.Release|Any CPU.ActiveCfg = Release|Any CPU
		{1A68B54E-EE60-4CB2-8F2B-5C1F04D70CFF}.Release|Any CPU.Build.0 = Release|Any CPU
		{D9C852A4-17AE-4075-919F-487F1AB40FC9}.Debug|Any CPU.ActiveCfg = Debug|Any CPU
		{D9C852A4-17AE-4075-919F-487F1AB40FC9}.Debug|Any CPU.Build.0 = Debug|Any CPU
		{D9C852A4-17AE-4075-919F-487F1AB40FC9}.Release|Any CPU.ActiveCfg = Release|Any CPU
		{D9C852A4-17AE-4075-919F-487F1AB40FC9}.Release|Any CPU.Build.0 = Release|Any CPU
		{020C894D-52FE-4358-8E32-22DDFC66B8D1}.Debug|Any CPU.ActiveCfg = Debug|Any CPU
		{020C894D-52FE-4358-8E32-22DDFC66B8D1}.Debug|Any CPU.Build.0 = Debug|Any CPU
		{020C894D-52FE-4358-8E32-22DDFC66B8D1}.Release|Any CPU.ActiveCfg = Release|Any CPU
		{020C894D-52FE-4358-8E32-22DDFC66B8D1}.Release|Any CPU.Build.0 = Release|Any CPU
		{BFAFC559-22F9-43F7-93CB-6D8484CAA157}.Debug|Any CPU.ActiveCfg = Debug|Any CPU
		{BFAFC559-22F9-43F7-93CB-6D8484CAA157}.Debug|Any CPU.Build.0 = Debug|Any CPU
		{BFAFC559-22F9-43F7-93CB-6D8484CAA157}.Release|Any CPU.ActiveCfg = Release|Any CPU
		{BFAFC559-22F9-43F7-93CB-6D8484CAA157}.Release|Any CPU.Build.0 = Release|Any CPU
		{A7832FC3-FA85-4007-839B-47D28CC223AC}.Debug|Any CPU.ActiveCfg = Debug|Any CPU
		{A7832FC3-FA85-4007-839B-47D28CC223AC}.Debug|Any CPU.Build.0 = Debug|Any CPU
		{A7832FC3-FA85-4007-839B-47D28CC223AC}.Release|Any CPU.ActiveCfg = Release|Any CPU
		{A7832FC3-FA85-4007-839B-47D28CC223AC}.Release|Any CPU.Build.0 = Release|Any CPU
		{3ACF0D5C-A02E-4138-AF2A-A53668A1F73D}.Debug|Any CPU.ActiveCfg = Debug|Any CPU
		{3ACF0D5C-A02E-4138-AF2A-A53668A1F73D}.Debug|Any CPU.Build.0 = Debug|Any CPU
		{3ACF0D5C-A02E-4138-AF2A-A53668A1F73D}.Release|Any CPU.ActiveCfg = Release|Any CPU
		{3ACF0D5C-A02E-4138-AF2A-A53668A1F73D}.Release|Any CPU.Build.0 = Release|Any CPU
		{D3190EA4-AA6B-47D0-B139-0BACB42FCA16}.Debug|Any CPU.ActiveCfg = Debug|Any CPU
		{D3190EA4-AA6B-47D0-B139-0BACB42FCA16}.Debug|Any CPU.Build.0 = Debug|Any CPU
		{D3190EA4-AA6B-47D0-B139-0BACB42FCA16}.Release|Any CPU.ActiveCfg = Release|Any CPU
		{D3190EA4-AA6B-47D0-B139-0BACB42FCA16}.Release|Any CPU.Build.0 = Release|Any CPU
		{A554C452-849F-4FF2-BC39-C8D72CCB2927}.Debug|Any CPU.ActiveCfg = Debug|Any CPU
		{A554C452-849F-4FF2-BC39-C8D72CCB2927}.Debug|Any CPU.Build.0 = Debug|Any CPU
		{A554C452-849F-4FF2-BC39-C8D72CCB2927}.Release|Any CPU.ActiveCfg = Release|Any CPU
		{A554C452-849F-4FF2-BC39-C8D72CCB2927}.Release|Any CPU.Build.0 = Release|Any CPU
		{B2575E5D-BB7C-4207-9E94-7D6D34F2287E}.Debug|Any CPU.ActiveCfg = Debug|Any CPU
		{B2575E5D-BB7C-4207-9E94-7D6D34F2287E}.Debug|Any CPU.Build.0 = Debug|Any CPU
		{B2575E5D-BB7C-4207-9E94-7D6D34F2287E}.Release|Any CPU.ActiveCfg = Release|Any CPU
		{B2575E5D-BB7C-4207-9E94-7D6D34F2287E}.Release|Any CPU.Build.0 = Release|Any CPU
		{91DC7486-CBD3-4734-9952-CE1622D1135D}.Debug|Any CPU.ActiveCfg = Debug|Any CPU
		{91DC7486-CBD3-4734-9952-CE1622D1135D}.Debug|Any CPU.Build.0 = Debug|Any CPU
		{91DC7486-CBD3-4734-9952-CE1622D1135D}.Release|Any CPU.ActiveCfg = Release|Any CPU
		{91DC7486-CBD3-4734-9952-CE1622D1135D}.Release|Any CPU.Build.0 = Release|Any CPU
	EndGlobalSection
	GlobalSection(SolutionProperties) = preSolution
		HideSolutionNode = FALSE
	EndGlobalSection
	GlobalSection(ExtensibilityGlobals) = postSolution
		SolutionGuid = {864D86DD-4A62-4C62-986B-16A02D7D313A}
	EndGlobalSection
EndGlobal
