
Microsoft Visual Studio Solution File, Format Version 12.00
# Visual Studio Version 17
VisualStudioVersion = 17.5.002.0
MinimumVisualStudioVersion = 10.0.40219.1
Project("{9A19103F-16F7-4668-BE54-9A1E7A4F7556}") = "PrimitiveTypes", "PrimitiveTypes.csproj", "{1F62B4B2-55EC-4373-A096-ECCB725EECBE}"
EndProject
Global
	GlobalSection(SolutionConfigurationPlatforms) = preSolution
		Debug|Any CPU = Debug|Any CPU
		Release|Any CPU = Release|Any CPU
	EndGlobalSection
	GlobalSection(ProjectConfigurationPlatforms) = postSolution
		{1F62B4B2-55EC-4373-A096-ECCB725EECBE}.Debug|Any CPU.ActiveCfg = Debug|Any CPU
		{1F62B4B2-55EC-4373-A096-ECCB725EECBE}.Debug|Any CPU.Build.0 = Debug|Any CPU
		{1F62B4B2-55EC-4373-A096-ECCB725EECBE}.Release|Any CPU.ActiveCfg = Release|Any CPU
		{1F62B4B2-55EC-4373-A096-ECCB725EECBE}.Release|Any CPU.Build.0 = Release|Any CPU
	EndGlobalSection
	GlobalSection(SolutionProperties) = preSolution
		HideSolutionNode = FALSE
	EndGlobalSection
	GlobalSection(ExtensibilityGlobals) = postSolution
		SolutionGuid = {0C982AF9-4895-4F88-A79A-AB2AF685C069}
	EndGlobalSection
EndGlobal
